version = 1
revision = 5
requires-python = "==3.14.8"

[[package]]
name = "brotli"
version = "1.2.0"
source = { registry = "https://pypi.org/simple" }
sdist = { url = "https://files.pythonhosted.org/packages/f7/16/c92ca344d646e71a43b8bb353f0a6490d7f6e06210f8554c8f874e454285/brotli-1.2.0.tar.gz", hash = "sha256:e310f77e41941c13340a95976fe66a8a95b01e783d430eeaf7a2f87e0a57dd0a", size = 7388632, upload-time = "2025-11-05T18:39:42.86Z" }
wheels = [
    { url = "https://files.pythonhosted.org/packages/17/e1/298c2ddf786bb7347a1cd71d63a347a79e5712a7c0cba9e3c3458ebd976f/brotli-1.2.0-cp314-cp314-macosx_10_15_universal2.whl", hash = "sha256:6c12dad5cd04530323e723787ff762bac749a7b256a5bece32b2243dd5c27b21", size = 863080, upload-time = "2025-11-05T18:38:45.503Z" },
    { url = "https://files.pythonhosted.org/packages/84/0c/aac98e286ba66868b2b3b50338ffbd85a35c7122e9531a73a37a29763d38/brotli-1.2.0-cp314-cp314-macosx_10_15_x86_64.whl", hash = "sha256:3219bd9e69868e57183316ee19c84e03e8f8b5a1d1f2667e1aa8c2f91cb061ac", size = 445453, upload-time = "2025-11-05T18:38:46.433Z" },
    { url = "https://files.pythonhosted.org/packages/ec/f1/0ca1f3f99ae300372635ab3fe2f7a79fa335fee3d874fa7f9e68575e0e62/brotli-1.2.0-cp314-cp314-manylinux2014_aarch64.manylinux_2_17_aarch64.manylinux_2_28_aarch64.whl", hash = "sha256:963a08f3bebd8b75ac57661045402da15991468a621f014be54e50f53a58d19e", size = 1528168, upload-time = "2025-11-05T18:38:47.371Z" },
    { url = "https://files.pythonhosted.org/packages/d6/a6/2ebfc8f766d46df8d3e65b880a2e220732395e6d7dc312c1e1244b0f074a/brotli-1.2.0-cp314-cp314-manylinux2014_ppc64le.manylinux_2_17_ppc64le.manylinux_2_28_ppc64le.whl", hash = "sha256:9322b9f8656782414b37e6af884146869d46ab85158201d82bab9abbcb971dc7", size = 1627098, upload-time = "2025-11-05T18:38:48.385Z" },
    { url = "https://files.pythonhosted.org/packages/f3/2f/0976d5b097ff8a22163b10617f76b2557f15f0f39d6a0fe1f02b1a53e92b/brotli-1.2.0-cp314-cp314-manylinux2014_x86_64.manylinux_2_17_x86_64.whl", hash = "sha256:cf9cba6f5b78a2071ec6fb1e7bd39acf35071d90a81231d67e92d637776a6a63", size = 1419861, upload-time = "2025-11-05T18:38:49.372Z" },
    { url = "https://files.pythonhosted.org/packages/9c/97/d76df7176a2ce7616ff94c1fb72d307c9a30d2189fe877f3dd99af00ea5a/brotli-1.2.0-cp314-cp314-musllinux_1_2_aarch64.whl", hash = "sha256:7547369c4392b47d30a3467fe8c3330b4f2e0f7730e45e3103d7d636678a808b", size = 1484594, upload-time = "2025-11-05T18:38:50.655Z" },
    { url = "https://files.pythonhosted.org/packages/d3/93/14cf0b1216f43df5609f5b272050b0abd219e0b54ea80b47cef9867b45e7/brotli-1.2.0-cp314-cp314-musllinux_1_2_ppc64le.whl", hash = "sha256:fc1530af5c3c275b8524f2e24841cbe2599d74462455e9bae5109e9ff42e9361", size = 1593455, upload-time = "2025-11-05T18:38:51.624Z" },
    { url = "https://files.pythonhosted.org/packages/b3/73/3183c9e41ca755713bdf2cc1d0810df742c09484e2e1ddd693bee53877c1/brotli-1.2.0-cp314-cp314-musllinux_1_2_x86_64.whl", hash = "sha256:d2d085ded05278d1c7f65560aae97b3160aeb2ea2c0b3e26204856beccb60888", size = 1488164, upload-time = "2025-11-05T18:38:53.079Z" },
    { url = "https://files.pythonhosted.org/packages/64/6a/0c78d8f3a582859236482fd9fa86a65a60328a00983006bcf6d83b7b2253/brotli-1.2.0-cp314-cp314-win32.whl", hash = "sha256:832c115a020e463c2f67664560449a7bea26b0c1fdd690352addad6d0a08714d", size = 339280, upload-time = "2025-11-05T18:38:54.02Z" },
    { url = "https://files.pythonhosted.org/packages/f5/10/56978295c14794b2c12007b07f3e41ba26acda9257457d7085b0bb3bb90c/brotli-1.2.0-cp314-cp314-win_amd64.whl", hash = "sha256:e7c0af964e0b4e3412a0ebf341ea26ec767fa0b4cf81abb5e897c9338b5ad6a3", size = 375639, upload-time = "2025-11-05T18:38:55.67Z" },
]

[[package]]
name = "brotlicffi"
version = "1.2.0.2"
source = { registry = "https://pypi.org/simple" }
dependencies = [
    { name = "cffi" },
]
sdist = { url = "https://files.pythonhosted.org/packages/71/97/7845739a36828ffe751a1c6b240692f552fd7ecf65026c51326c0a4aa369/brotlicffi-1.2.0.2.tar.gz", hash = "sha256:5e0fbd13644cf1f6015e75fa5e0ad8fdce1048d9c9ff90b0ce826174b249ee35", size = 478755, upload-time = "2026-08-21T17:29:18.415Z" }
wheels = [
    { url = "https://files.pythonhosted.org/packages/77/a2/edda4f3fc7143434402eacad1e91433fe68ae648c22738eeddb6138638ba/brotlicffi-1.2.0.2-cp314-cp314t-macosx_11_0_arm64.whl", hash = "sha256:ad05ca993234cf947f0ad71b1c8bc0af3d74e0410b1e2c32bb99de0cef6a994b", size = 438789, upload-time = "2026-08-21T17:28:55.708Z" },
    { url = "https://files.pythonhosted.org/packages/0d/9c/506dc8edabb3cf9339c89f1ecc80a218aa166bb83b9f2e9cc1da67314072/brotlicffi-1.2.0.2-cp314-cp314t-manylinux2014_aarch64.manylinux_2_17_aarch64.manylinux_2_28_aarch64.whl", hash = "sha256:0636cb5a85f31c36e08953d09a226cb788be900b976f81302895e3cf35d5e707", size = 1541246, upload-time = "2026-08-21T17:28:57.669Z" },
    { url = "https://files.pythonhosted.org/packages/9f/d6/74cee9f9fbea8c42030a81056c64e092030a95bd2756ea83da1d1e8f5f29/brotlicffi-1.2.0.2-cp314-cp314t-manylinux2014_x86_64.manylinux_2_17_x86_64.manylinux_2_28_x86_64.whl", hash = "sha256:97bae40d45ebc2a6ac7b1c9b30825496a257192194b672ef5869e2df93467f69", size = 1542129, upload-time = "2026-08-21T17:28:59.502Z" },
    { url = "https://files.pythonhosted.org/packages/24/cc/c32630b042ec2a13e8342e6ecb6b9d3531b1be4647b733d6fd365976041c/brotlicffi-1.2.0.2-cp314-cp314t-win32.whl", hash = "sha256:8f3f9bd61293dc48359763e693951393f39656086315067cf97e23e23e8911ab", size = 346840, upload-time = "2026-08-21T17:29:01.085Z" },
    { url = "https://files.pythonhosted.org/packages/ee/0b/83cac3075721fe4c253ea1cc5310cb687c2f7d987e0fd60eb3ed769c24c0/brotlicffi-1.2.0.2-cp314-cp314t-win_amd64.whl", hash = "sha256:908add8a9c0eea00f5de799dc6de9f6d205d9ee11afabc7c03d6812c481200e2", size = 386079, upload-time = "2026-08-21T17:29:02.667Z" },
    { url = "https://files.pythonhosted.org/packages/2e/71/c27f24b8334f65f2492601c7764338f156cb904d2ffe0061e6004a76d9cc/brotlicffi-1.2.0.2-cp39-abi3-macosx_11_0_arm64.whl", hash = "sha256:d5a8ffa154f16660ab818d78045b55fa6f9970f1ca4c38998766e99c672071cb", size = 438885, upload-time = "2026-08-21T17:29:04.113Z" },
    { url = "https://files.pythonhosted.org/packages/ef/22/d8fd1a4d09b7ab563b89380395e09151d2ef1344be31594df6a6987d4028/brotlicffi-1.2.0.2-cp39-abi3-manylinux2014_aarch64.manylinux_2_17_aarch64.manylinux_2_28_aarch64.whl", hash = "sha256:ec6b1af7b7a8ce788354f2c603651ada0fba166ec31ab879e2eec462a3e6dbf4", size = 1534365, upload-time = "2026-08-21T17:29:05.878Z" },
    { url = "https://files.pythonhosted.org/packages/06/78/076419ed6c2c6aa3eaac6fd6b076502b4be89d50625fcdc513cd4aeca718/brotlicffi-1.2.0.2-cp39-abi3-manylinux2014_x86_64.manylinux_2_17_x86_64.manylinux_2_28_x86_64.whl", hash = "sha256:22916101de0e7ff535f2edf54b52a85591853b8ae9a98737643defdd3c063a3a", size = 1536851, upload-time = "2026-08-21T17:29:07.599Z" },
    { url = "https://files.pythonhosted.org/packages/35/dd/31ae9945cbd605339fb51c9a609f7dbb182cd361adeabc1d470142357206/brotlicffi-1.2.0.2-cp39-abi3-win32.whl", hash = "sha256:df1d34c4ad9adbf7f63a6b42f7d0e4dfd259c88141b85145b57abecc1abc3b24", size = 342379, upload-time = "2026-08-21T17:29:09.05Z" },
    { url = "https://files.pythonhosted.org/packages/95/ae/afd54e744df93b51cc29f6a19beccf9998b25743d7177697390de10479d1/brotlicffi-1.2.0.2-cp39-abi3-win_amd64.whl", hash = "sha256:489ca4da3ee65926d72bf01584b61088a9da6bdd1bb01b2040901e1beaffa8f0", size = 379761, upload-time = "2026-08-21T17:29:10.687Z" },
]

[[package]]
name = "cffi"
version = "2.1.1"
source = { registry = "https://pypi.org/simple" }
dependencies = [
    { name = "pycparser", marker = "implementation_name != 'PyPy'" },
]
sdist = { url = "https://files.pythonhosted.org/packages/9e/ef/008a1939e372c06329a3fce4279c02f328488f3526744906eeec3da7ad5f/cffi-2.1.1.tar.gz", hash = "sha256:dd31f52ea1086513bb9df30f8fcee9b8918323ae067a3d5b78bc826a000712be", size = 530807, upload-time = "2026-08-03T21:21:18.939Z" }
wheels = [
    { url = "https://files.pythonhosted.org/packages/d3/7b/d6bbf82b8b96e7391438898c42f5bd96dd02030fd5b64937d248220003e2/cffi-2.1.1-cp314-cp314-ios_13_0_arm64_iphoneos.whl", hash = "sha256:7dbb61fe3a7699468030f71bbe5f8a0e326a151daa91beb11a6fc1f980c55e1c", size = 194064, upload-time = "2026-08-03T21:20:17.148Z" },
    { url = "https://files.pythonhosted.org/packages/94/e6/bcc91b283be94735e268487a054004f0aa19947b6348fa367db53230abc8/cffi-2.1.1-cp314-cp314-ios_13_0_arm64_iphonesimulator.whl", hash = "sha256:f24fb43132a4c6b4cb4eb029492919b2db645be6808d738f244fd146c03c32cb", size = 196720, upload-time = "2026-08-03T21:20:18.268Z" },
    { url = "https://files.pythonhosted.org/packages/d9/99/c4b0c17cacdc9c3b8f280026286a9826d6a208c0f047591a3c3ce99b91fd/cffi-2.1.1-cp314-cp314-macosx_10_15_x86_64.whl", hash = "sha256:d28630f5854ab07ab1fd4aba756de52326c82e6be15d414b12793f1975048b54", size = 184964, upload-time = "2026-08-03T21:20:19.708Z" },
    { url = "https://files.pythonhosted.org/packages/b3/a9/9db617d05d7367c1ad0ab00b3aa6e6f9281edd689b4ee9ea0e5a84e89c97/cffi-2.1.1-cp314-cp314-macosx_11_0_arm64.whl", hash = "sha256:661c298b4821edebead0c91edd2b00374d67ad7c5a1f7a91d4442633b79d6a72", size = 184962, upload-time = "2026-08-03T21:20:20.833Z" },
    { url = "https://files.pythonhosted.org/packages/67/b8/b42132ca113dc567d37684437b46ca1dafc885902b02a110a02d5b511857/cffi-2.1.1-cp314-cp314-manylinux2014_aarch64.manylinux_2_17_aarch64.whl", hash = "sha256:58acb8ab8e295e6c5ea12f888cbb13cf21511ef2a3303a23f4325c29d17fe5c1", size = 222328, upload-time = "2026-08-03T21:20:22.118Z" },
    { url = "https://files.pythonhosted.org/packages/80/10/c5c0cbf0a657aecf59ef511409734230bf556f05a0d6c9eed7aa5c0a0166/cffi-2.1.1-cp314-cp314-manylinux2014_ppc64le.manylinux_2_17_ppc64le.whl", hash = "sha256:456a61fa52d579ebf9df2e9552ead5129855dbaff6c1e5a9b1bc408809bdc062", size = 209985, upload-time = "2026-08-03T21:20:23.401Z" },
    { url = "https://files.pythonhosted.org/packages/d5/6c/bfa0b87b03b9238148beca990292843c9396ba069b54496596594173de7b/cffi-2.1.1-cp314-cp314-manylinux2014_s390x.manylinux_2_17_s390x.whl", hash = "sha256:a4f00aa42f75d6e4595e8866e748cc1705adc0cddfeb2ca86d0d03993d63ba03", size = 208530, upload-time = "2026-08-03T21:20:24.628Z" },
    { url = "https://files.pythonhosted.org/packages/e9/02/4e7d553a7ac4b4238b38b3c1b80d486e9d4436f8d2acbf87a0997fe3f402/cffi-2.1.1-cp314-cp314-manylinux2014_x86_64.manylinux_2_17_x86_64.whl", hash = "sha256:b0431303acaea1089ad4b3e9ce4e6518193def1118d4073ca848635ee4ea2e96", size = 221525, upload-time = "2026-08-03T21:20:25.758Z" },
    { url = "https://files.pythonhosted.org/packages/82/1d/a4aaf9babd75acb4d5f223bff71533bee748dd770a382619a798960ee9ba/cffi-2.1.1-cp314-cp314-musllinux_1_2_aarch64.whl", hash = "sha256:64faea20f4e2613363a1a9b9c7dd73058f3ecd00133a511e72ad7c511658f527", size = 225053, upload-time = "2026-08-03T21:20:26.985Z" },
    { url = "https://files.pythonhosted.org/packages/81/10/5dc0e7bdd18e22107054288283380fc97a06ae3f1656a106908d666a3c88/cffi-2.1.1-cp314-cp314-musllinux_1_2_x86_64.whl", hash = "sha256:5c58fe613dc5e5336357eff555824a314d8e43282600435c8d1cb6a7a2fedd13", size = 223213, upload-time = "2026-08-03T21:20:28.277Z" },
    { url = "https://files.pythonhosted.org/packages/0b/e9/d0061c364cde06ee43168a0d076ac1da512cbc380d44767b844ba34fe2b6/cffi-2.1.1-cp314-cp314-win32.whl", hash = "sha256:1a18a57b58cfb21fc28d72e876acf10eaed67a1ed96226f92af4df681d571c4c", size = 177682, upload-time = "2026-08-03T21:20:44.288Z" },
    { url = "https://files.pythonhosted.org/packages/a7/06/1c3e01e3ba14c39f6d10bfbac52753b7e22259e38088e5cfe1d704918690/cffi-2.1.1-cp314-cp314-win_amd64.whl", hash = "sha256:3222ba5d678f80a030e6afbcc33dc1ae5cb45facabb61cee2c7016b8432fde48", size = 187949, upload-time = "2026-08-03T21:20:45.623Z" },
    { url = "https://files.pythonhosted.org/packages/87/5b/da4e39efe18eeb89cf580ea9cfc66b6a7c3eadb808fc0cc1d3a295cb5a5d/cffi-2.1.1-cp314-cp314-win_arm64.whl", hash = "sha256:ab36d55f9ed2d067327667c2fea18dda018eb628dd6347aa01dda6cf1f5d3836", size = 182947, upload-time = "2026-08-03T21:20:46.955Z" },
    { url = "https://files.pythonhosted.org/packages/23/59/40338bf421c5accea1d45158170c87006ef1cd371b05c077e76476949728/cffi-2.1.1-cp314-cp314t-macosx_10_15_x86_64.whl", hash = "sha256:7750c6449dff7864bb9bb27ddfb0267756189201a3afc911d82b3caacd70dfc3", size = 188504, upload-time = "2026-08-03T21:20:29.495Z" },
    { url = "https://files.pythonhosted.org/packages/7d/47/5ecf1023850036e674c77ec4de86182d309ae344e39e7cba984b7df5d647/cffi-2.1.1-cp314-cp314t-macosx_11_0_arm64.whl", hash = "sha256:0beceaabe56af686895136a2de78db54ecd8e4046b236b8fd6d6cb61389e9bf2", size = 188259, upload-time = "2026-08-03T21:20:31.291Z" },
    { url = "https://files.pythonhosted.org/packages/2a/9c/92934c3bea9f785b23eba304538c0b4d37a2a96d2431eb3a1bc87a11aa19/cffi-2.1.1-cp314-cp314t-manylinux2014_aarch64.manylinux_2_17_aarch64.whl", hash = "sha256:49cbc70e6542d4ccccb936558d1064a8012541e78f821f955cff24e357776c94", size = 223864, upload-time = "2026-08-03T21:20:32.571Z" },
    { url = "https://files.pythonhosted.org/packages/4d/45/ba4c93527bc38616a8bd36488acb69a2212d60486794f0c1f318949bbb76/cffi-2.1.1-cp314-cp314t-manylinux2014_ppc64le.manylinux_2_17_ppc64le.whl", hash = "sha256:e2d65b31f36619cda3999b78b2aa9632e76b78448e7a56fc4240824200e7c4fc", size = 211538, upload-time = "2026-08-03T21:20:33.808Z" },
    { url = "https://files.pythonhosted.org/packages/80/e9/b6ef565e452acb932fb0cb5443f44a78efbd1233e566f02b5a83855e9115/cffi-2.1.1-cp314-cp314t-manylinux2014_s390x.manylinux_2_17_s390x.whl", hash = "sha256:28907ab9bfb6aa13184cfc17c6b8e1023c5ab6fd7076d8c20a35e59fe04f8f29", size = 210688, upload-time = "2026-08-03T21:20:34.974Z" },
    { url = "https://files.pythonhosted.org/packages/9a/95/eff5f0cee78d2eabc7eebffec40d3fc1876b5f3c95582e018bb4b99601f2/cffi-2.1.1-cp314-cp314t-manylinux2014_x86_64.manylinux_2_17_x86_64.whl", hash = "sha256:51b31d1c98274844cfd7838ce00bfc27c7423a4dc00fc0772fc3331c2cc90676", size = 223803, upload-time = "2026-08-03T21:20:36.564Z" },
    { url = "https://files.pythonhosted.org/packages/fa/01/579d39fb8bef00a335a23d83757b44feb24cd6345a2c451b64cb67b9c362/cffi-2.1.1-cp314-cp314t-musllinux_1_2_aarch64.whl", hash = "sha256:5e7cecbaadb83884793e05828cee59b210b24583b9c7425d0ba6a754fe22eb4e", size = 226763, upload-time = "2026-08-03T21:20:37.816Z" },
    { url = "https://files.pythonhosted.org/packages/8d/b0/0b44f47c60b01b57b6e2bbd92343f13a85a1d93bc46ccf6e47e244acd99c/cffi-2.1.1-cp314-cp314t-musllinux_1_2_x86_64.whl", hash = "sha256:25792eac27877609e7bb06d42ff88278a6624fff2ba9bbb523c09616b117e80f", size = 225688, upload-time = "2026-08-03T21:20:38.959Z" },
    { url = "https://files.pythonhosted.org/packages/eb/d2/3b7176cb570a1d3e27faf67b72f591af508036e0d8b2be2ef9af9e8c84bb/cffi-2.1.1-cp314-cp314t-win32.whl", hash = "sha256:8ef53b2de9bcb9197d31854256575d59dbac0cba72ac627bb291ef5eceb74be4", size = 182868, upload-time = "2026-08-03T21:20:40.388Z" },
    { url = "https://files.pythonhosted.org/packages/56/78/31f00c1bcd97c9bbf55f1bfdf5bc809a5de8887473e90bb9960dca825e80/cffi-2.1.1-cp314-cp314t-win_amd64.whl", hash = "sha256:616f097f2fe415bc92a247f02e11f634e1f9e9a83d327e3c915c15089c87869e", size = 194104, upload-time = "2026-08-03T21:20:41.725Z" },
    { url = "https://files.pythonhosted.org/packages/7b/1b/58496f2ed0a35de575250c02a43ab3cc2c04d494a88fed31c1cabc0fd176/cffi-2.1.1-cp314-cp314t-win_arm64.whl", hash = "sha256:ad2c86c495b899d862ea0f4b42891b8713a3bd45dd4105c7fd51c2a72f39f3a5", size = 186402, upload-time = "2026-08-03T21:20:43.042Z" },
]

[[package]]
name = "fonttools"
version = "4.66.1"
source = { registry = "https://pypi.org/simple" }
sdist = { url = "https://files.pythonhosted.org/packages/87/b6/126c659ab7e0e03e01a5f5d223abf7b2c0691ae92718085a212a3924a2a3/fonttools-4.66.1.tar.gz", hash = "sha256:64967c6ddb0d4c610dfd8cb1485981b2d27972ddfb7d4bbbd9e199d2a089c450", size = 3694174, upload-time = "2026-09-29T16:11:53.706Z" }
wheels = [
    { url = "https://files.pythonhosted.org/packages/12/83/c745b210ec49379ebfe627e166b527f44671a1f6ec5e1e219d91caa8964d/fonttools-4.66.1-cp314-cp314-macosx_10_15_universal2.whl", hash = "sha256:b18803cbdef248e7ee1be59cb277fbbe1da1faaa6f726fa5d3557904e6a3d967", size = 3099264, upload-time = "2026-09-29T16:10:41.998Z" },
    { url = "https://files.pythonhosted.org/packages/35/af/dd698f10bf0f743873077259e8a6fce075861dde3bb01eb22b2c4f7aefe8/fonttools-4.66.1-cp314-cp314-macosx_10_15_x86_64.whl", hash = "sha256:f08ab7f8461c37ecfdd29ad97fb0c0780b50501bd664bb0f46b6e83ed2b9d2a7", size = 2588769, upload-time = "2026-09-29T16:10:43.933Z" },
    { url = "https://files.pythonhosted.org/packages/c5/65/10b5caa2aa779e62411b67949bda9741d4d7532ba0b6dea647b715131260/fonttools-4.66.1-cp314-cp314-manylinux2014_aarch64.manylinux_2_17_aarch64.manylinux_2_28_aarch64.whl", hash = "sha256:7cf4f996f9b1cb549bff9ea4c50813988a26ec922c95cfa85c7e4f1270447e06", size = 5374278, upload-time = "2026-09-29T16:10:45.727Z" },
    { url = "https://files.pythonhosted.org/packages/6a/db/9ac5c6773feec1b40e57eac106d869886f66a1e44082d343ac1e1e1fb773/fonttools-4.66.1-cp314-cp314-manylinux2014_x86_64.manylinux_2_17_x86_64.whl", hash = "sha256:9261ef507f2dd74203443a472b65b5a26429eb378f975016dec7dc7305b24898", size = 5317826, upload-time = "2026-09-29T16:10:48.056Z" },
    { url = "https://files.pythonhosted.org/packages/04/0a/69beb11f6b714ac90ee73ad4600ac91d7dd4e1ce361d087c8425bb8472de/fonttools-4.66.1-cp314-cp314-musllinux_1_2_aarch64.whl", hash = "sha256:e1cde50b3ec84ca6fe63ca815de183dbecb88e8adf8ada82d8ea130ef12b2b43", size = 5316239, upload-time = "2026-09-29T16:10:50.201Z" },
    { url = "https://files.pythonhosted.org/packages/33/a8/7a77359e469d3a638df91d3e225cef4a3c1184c20e98381238042f7835fa/fonttools-4.66.1-cp314-cp314-musllinux_1_2_x86_64.whl", hash = "sha256:d8f0a8f16c4f3a5a87ca971de2631792d8cb4d570951f2000acf712f157d40db", size = 5449423, upload-time = "2026-09-29T16:10:52.337Z" },
    { url = "https://files.pythonhosted.org/packages/93/cf/ea0b2f1ef90431b1879d6e6c680a7fde497129cf511ab995ade0ff8e19a7/fonttools-4.66.1-cp314-cp314-win32.whl", hash = "sha256:b878c78b2af11b879bd4f26bb0d8bda2a4c64543fdd3f28efe2c80f97f043885", size = 2437673, upload-time = "2026-09-29T16:10:54.281Z" },
    { url = "https://files.pythonhosted.org/packages/b2/53/629dbb4a40c4a7b3de61442c6b4430d36ab6e0e8cf941c547f4fd66f3337/fonttools-4.66.1-cp314-cp314-win_amd64.whl", hash = "sha256:05aeb146451f37289f782c3c861f3d0f4b86c2dd2e4620b46683544c7406640e", size = 2489763, upload-time = "2026-09-29T16:10:56.262Z" },
    { url = "https://files.pythonhosted.org/packages/0e/59/342e5fce9438f88882524128d1feb0311d4014cb6f8bdeb4607fcc00713f/fonttools-4.66.1-cp314-cp314t-macosx_10_15_universal2.whl", hash = "sha256:66fad3b7874062c2a2692f0ae6dea56d24f01b778c7f191950ca3ff997e25a88", size = 3172931, upload-time = "2026-09-29T16:10:58.563Z" },
    { url = "https://files.pythonhosted.org/packages/50/92/96196ebfd02676f28fa9b3776d85e18281bca0c8450d7e214c40e346bf92/fonttools-4.66.1-cp314-cp314t-macosx_10_15_x86_64.whl", hash = "sha256:eef76d5796e604f9d6753fa6d323c4eb9f4e0e43f1dcca553f3e6914f1667b64", size = 2621937, upload-time = "2026-09-29T16:11:00.845Z" },
    { url = "https://files.pythonhosted.org/packages/e7/c3/3f4b761037ebc2e5597c52c218a9e95dbc4a2cab572828654f6004f422f5/fonttools-4.66.1-cp314-cp314t-manylinux2014_aarch64.manylinux_2_17_aarch64.manylinux_2_28_aarch64.whl", hash = "sha256:c47299bca4b5acaaeb32100f77b944feea151de9ef1773365a410dc3d49b945b", size = 5546932, upload-time = "2026-09-29T16:11:03.126Z" },
    { url = "https://files.pythonhosted.org/packages/b6/d1/3f506cc79608becbc287785db8c44eb3f93079b49752266eb9f57700ecc4/fonttools-4.66.1-cp314-cp314t-manylinux2014_x86_64.manylinux_2_17_x86_64.whl", hash = "sha256:dfba62cc93199ba62c376f90f2a9147d92730d301e44f88e013e50ff5edf6193", size = 5353546, upload-time = "2026-09-29T16:11:05.394Z" },
    { url = "https://files.pythonhosted.org/packages/6d/27/6534d84430ba1641185f8a0c9e2c7ecd395b15ff98f96967e3fb3c728b09/fonttools-4.66.1-cp314-cp314t-musllinux_1_2_aarch64.whl", hash = "sha256:2c7340497cf53490293e0c2b61011e0191633022ede0a0a964a68157a98b0fb4", size = 5414313, upload-time = "2026-09-29T16:11:07.618Z" },
    { url = "https://files.pythonhosted.org/packages/27/17/831ceca06d78855b11dc203b0e3ba5e6fd8a63a71ee0343ea8bd367fda55/fonttools-4.66.1-cp314-cp314t-musllinux_1_2_x86_64.whl", hash = "sha256:c666fefdd5613a0e99aa4516e6ff4ef87aa86cf1c7ba12a73550f4770e46b750", size = 5449661, upload-time = "2026-09-29T16:11:09.997Z" },
    { url = "https://files.pythonhosted.org/packages/2e/e4/21dc18bcbc8d0354814f6ea58af3d76d3bcd9b0d7246df454cb9e00c1740/fonttools-4.66.1-cp314-cp314t-win32.whl", hash = "sha256:2ce4c93160535761f22c80b2afbc96cabc09855363a5d1a5554265b8a4c85901", size = 2471431, upload-time = "2026-09-29T16:11:12.237Z" },
    { url = "https://files.pythonhosted.org/packages/b5/f4/eb0489e7d58ac0d3387584afc7f3e505f60f60fe4b4f5a0274f013d444a2/fonttools-4.66.1-cp314-cp314t-win_amd64.whl", hash = "sha256:b13c8c541ce0b794add3211b3641cc0e113d707f73e06235e6fe9731bd7c45a9", size = 2521288, upload-time = "2026-09-29T16:11:14.52Z" },
    { url = "https://files.pythonhosted.org/packages/f6/10/d45b74135d5d642cb3a4fb0a957c1613ef93de4c8548671dfc3a5bf38299/fonttools-4.66.1-py3-none-any.whl", hash = "sha256:7234ae9e28db64273fbbfa72caebd0a97e3bdba6b05064114741b9539ef339d0", size = 1202222, upload-time = "2026-09-29T16:11:51.678Z" },
]

[package.optional-dependencies]
woff = [
    { name = "brotli", marker = "platform_python_implementation == 'CPython'" },
    { name = "brotlicffi", marker = "platform_python_implementation != 'CPython'" },
    { name = "zopfli" },
]

[[package]]
name = "gitcalver-fonts"
version = "0"
source = { virtual = "." }
dependencies = [
    { name = "brotli" },
    { name = "fonttools", extra = ["woff"] },
]

[package.dev-dependencies]
dev = [
    { name = "ruff" },
    { name = "ty" },
]

[package.metadata]
requires-dist = [
    { name = "brotli", specifier = "==1.2.0" },
    { name = "fonttools", extras = ["woff"], specifier = "==4.66.1" },
]

[package.metadata.requires-dev]
dev = [
    { name = "ruff" },
    { name = "ty" },
]

[[package]]
name = "pycparser"
version = "3.11"
source = { registry = "https://pypi.org/simple" }
sdist = { url = "https://files.pythonhosted.org/packages/da/a8/c5fdbeee588bb8ada9458774f43adf1bdd30bd59157055142183e769a024/pycparser-3.11.tar.gz", hash = "sha256:d875f09c3507d00e1aba0eecc6dcadc1352f30fff09dc6bff2f1c2935e97c2bc", size = 113796, upload-time = "2026-10-09T12:56:59.539Z" }
wheels = [
    { url = "https://files.pythonhosted.org/packages/90/11/0e6f11117525ff0eec40ebac3d313376f102df93ca44ad9e893ee85e4f89/pycparser-3.11-py3-none-any.whl", hash = "sha256:51d5a8ba2be0bbe440b99d2112604c95bbbc3c2748a64260186c541e1729cd80", size = 51178, upload-time = "2026-10-09T12:56:58.131Z" },
]

[[package]]
name = "ruff"
version = "0.17.0"
source = { registry = "https://pypi.org/simple" }
sdist = { url = "https://files.pythonhosted.org/packages/e9/a7/70debb024dfacda67b8e560cc7511f52b34b9348a8cc8c1ec23036dcd51d/ruff-0.17.0.tar.gz", hash = "sha256:5cd03240d8208a557c2a9655a5cb07ebe36aa6bb35065f97d48c1f6adef5a322", size = 5320554, upload-time = "2026-10-09T19:47:29.248Z" }
wheels = [
    { url = "https://files.pythonhosted.org/packages/bc/f8/ee5ab9da6089eae2a33e6008b01deb1eda19992c1c8e10661e98cee1640f/ruff-0.17.0-py3-none-linux_armv6l.whl", hash = "sha256:0e271826af9a20d18c6cfae8c51e82959167c24859686ddd3eb9a7f0842ce81e", size = 10148907, upload-time = "2026-10-09T19:46:38.695Z" },
    { url = "https://files.pythonhosted.org/packages/9f/d9/2f81fb5a9d580afbb11b1c8ff915233a11f2a1b27405d7991f183c5e1976/ruff-0.17.0-py3-none-macosx_10_12_x86_64.whl", hash = "sha256:5f0ca4a40f81403689c04f12966e22f44e329ae362072d8f1587b7bda87f603b", size = 10224208, upload-time = "2026-10-09T19:46:41.711Z" },
    { url = "https://files.pythonhosted.org/packages/a7/20/643f3c8f75594f937b2bf74801241c56a2e2b8e139d24dff8b66b28cdd7f/ruff-0.17.0-py3-none-macosx_11_0_arm64.whl", hash = "sha256:cbf7149e0927dc3295d5d64679a4765576eef71b00782b2ae969ef82274d6bb9", size = 9273324, upload-time = "2026-10-09T19:46:44.323Z" },
    { url = "https://files.pythonhosted.org/packages/ec/91/627700b233d367736cb274f1bd0b47d1f2b12f68878192812bd875adadc3/ruff-0.17.0-py3-none-manylinux_2_17_aarch64.manylinux2014_aarch64.whl", hash = "sha256:13ee90156522998c3037059d8f66885c8adeeaf7643bdce2caceee196ecd23e0", size = 9953190, upload-time = "2026-10-09T19:46:47.155Z" },
    { url = "https://files.pythonhosted.org/packages/cd/92/91f7b5ed39490f89d6cbf56e1f543c383667a725efa8e2c2dee0f01f5591/ruff-0.17.0-py3-none-manylinux_2_17_armv7l.manylinux2014_armv7l.whl", hash = "sha256:3d8e4a002a94cd9d0dc48b51dc69d807a172b5b9bf2b668e656424dc5b55ead1", size = 9961746, upload-time = "2026-10-09T19:46:50.098Z" },
    { url = "https://files.pythonhosted.org/packages/87/c5/7310f9fc63ce11ff6394edbd5e85433dfb0e14c9fbf6ccc97f1538491bc7/ruff-0.17.0-py3-none-manylinux_2_17_i686.manylinux2014_i686.whl", hash = "sha256:c0b8a60c06a218c337e1161638d34757f83449243e2db161483ddf948e53ad14", size = 10625483, upload-time = "2026-10-09T19:46:53.379Z" },
    { url = "https://files.pythonhosted.org/packages/a5/8d/97443f0dca4a03a0bc7629fd396fd494a1cb6666121e38c5075acb217d8f/ruff-0.17.0-py3-none-manylinux_2_17_ppc64le.manylinux2014_ppc64le.whl", hash = "sha256:a330178bdffc4205dbf3bda11d93e059e388fd6546f8cdd304501a9160363c0d", size = 11350129, upload-time = "2026-10-09T19:46:56.486Z" },
    { url = "https://files.pythonhosted.org/packages/9c/0a/c525efd9777be4b6b012e6969a3012648468e7e6c4b3e5b46af69f46e8eb/ruff-0.17.0-py3-none-manylinux_2_17_s390x.manylinux2014_s390x.whl", hash = "sha256:7bb08489e234876fa2da67ae3ea938e9a2156da80293e0e4365abd6973d98329", size = 10906223, upload-time = "2026-10-09T19:47:00.263Z" },
    { url = "https://files.pythonhosted.org/packages/2c/3c/4a01195d93420cad1175bedad13a515dc8a56f95a6e39789b92e582682f5/ruff-0.17.0-py3-none-manylinux_2_17_x86_64.manylinux2014_x86_64.whl", hash = "sha256:bc73e7c133e82d55b5f15897b2a442d72c0cb4a0c886c46801ce3c247150b60c", size = 10386314, upload-time = "2026-10-09T19:47:03.057Z" },
    { url = "https://files.pythonhosted.org/packages/c7/72/1a3951665485a921f6375f91e754a1854d5a645d41acc3642668064ff64d/ruff-0.17.0-py3-none-manylinux_2_31_riscv64.whl", hash = "sha256:db4f74c533403ab70fe4007873f6ae0c9f94a8b03158cf48d78788e47cdbe399", size = 10565464, upload-time = "2026-10-09T19:47:05.831Z" },
    { url = "https://files.pythonhosted.org/packages/90/8c/539b4d8c082f57e18db8ae2be85a460d77861c79dcd5798e32b536a6a06f/ruff-0.17.0-py3-none-musllinux_1_2_aarch64.whl", hash = "sha256:3d8cc360e666d1914e47b0777c6906d70cf18891a55532bd0a16844195d70859", size = 10079468, upload-time = "2026-10-09T19:47:08.617Z" },
    { url = "https://files.pythonhosted.org/packages/e0/b8/84286966db79434e8c26b585b0a0f6897cb3ab1c51a4aa4df10c28488b62/ruff-0.17.0-py3-none-musllinux_1_2_armv7l.whl", hash = "sha256:d66de796b726c4801e05fa99a2a8d7a780e107be222486c304ab61765561e866", size = 9958556, upload-time = "2026-10-09T19:47:11.324Z" },
    { url = "https://files.pythonhosted.org/packages/69/50/27b6eed27b83fcdd5bfa0d52b83231e29094754374698da404d094487ae3/ruff-0.17.0-py3-none-musllinux_1_2_i686.whl", hash = "sha256:c3f268baf004aea944f040623327119527ea231af15f7fb7890e82cea0679589", size = 10352173, upload-time = "2026-10-09T19:47:14.188Z" },
    { url = "https://files.pythonhosted.org/packages/2a/fa/955399fd13044cd827862044117d784a59e3196f6cce7424908ac9a7f914/ruff-0.17.0-py3-none-musllinux_1_2_x86_64.whl", hash = "sha256:864b6c1acb6b0bccf94b5a3938a1531fd09aaca5e5659a2e7bf0f3cf2a685540", size = 10791761, upload-time = "2026-10-09T19:47:16.931Z" },
    { url = "https://files.pythonhosted.org/packages/ae/bf/024e01e1f6aec87768696725e648ed5b438941341eea8f8100beb681961f/ruff-0.17.0-py3-none-win32.whl", hash = "sha256:5e50aa5b84decd9fe5b0bb0e6f71c3b592f1767ed09faa4b7207d933961e35cd", size = 9904112, upload-time = "2026-10-09T19:47:19.75Z" },
    { url = "https://files.pythonhosted.org/packages/cc/77/1ee73df41dcc8d1cdb686ee4bc46ea29704ea175feb6b95c78420f631ab8/ruff-0.17.0-py3-none-win_amd64.whl", hash = "sha256:8ab76bcda86dfd28e13776cb5de3c7bcdcf1ae3d37ed761113d1a5a415dc134c", size = 10115585, upload-time = "2026-10-09T19:47:22.698Z" },
    { url = "https://files.pythonhosted.org/packages/fd/71/eb4f0ccc844aece56963e8578df9c95d4c00f580547d52329d4035d3af18/ruff-0.17.0-py3-none-win_arm64.whl", hash = "sha256:c154c73ff43f9854395e24cac507af13078962e53d2b511605058d22af1fdb88", size = 9872035, upload-time = "2026-10-09T19:47:26.306Z" },
]

[[package]]
name = "ty"
version = "0.0.86"
source = { registry = "https://pypi.org/simple" }
sdist = { url = "https://files.pythonhosted.org/packages/f1/fa/9b35728cc3c04d64f434c656836fa3c5f6e384a7813e48e63245510d5c69/ty-0.0.86.tar.gz", hash = "sha256:6edcaf52e207d653873d5f495c1a8470075b232030714c981f07f0a1075bc343", size = 7911723, upload-time = "2026-10-09T22:20:57.83Z" }
wheels = [
    { url = "https://files.pythonhosted.org/packages/95/27/dd422283667ce10d60af57edc3ccab078084282ee304a5c22b5ed79390c6/ty-0.0.86-py3-none-linux_armv6l.whl", hash = "sha256:305c238df5dedf97f1b65e52d2c446a41d11551291e37054858c00c5627bf15b", size = 14159390, upload-time = "2026-10-09T22:20:17.583Z" },
    { url = "https://files.pythonhosted.org/packages/57/e3/838ea547c177983976103d3a54b346afc22d0ff97943ab58c7b7aff1f753/ty-0.0.86-py3-none-macosx_10_12_x86_64.whl", hash = "sha256:27a8a7cf26a1cd17d93586eb20aadbcc535fa6ad4b535813ee8fc52560c31efd", size = 13684426, upload-time = "2026-10-09T22:20:19.939Z" },
    { url = "https://files.pythonhosted.org/packages/bc/62/dfde84ffab702545f866350675b16f8df6555d3c41123c25e7a509fe857e/ty-0.0.86-py3-none-macosx_11_0_arm64.whl", hash = "sha256:40e5fc602af41b0ea89dd1d19fe8da7e75322e6e0db95ea23340a858b409ac2b", size = 12845457, upload-time = "2026-10-09T22:20:21.979Z" },
    { url = "https://files.pythonhosted.org/packages/47/b2/7e0e7ffc8b3961f5f74893ba9b98433b922d3f1ae6621d1e3e3e20663e1d/ty-0.0.86-py3-none-manylinux_2_17_aarch64.manylinux2014_aarch64.whl", hash = "sha256:c4b525ce4feb60aa2dd6becae4c470daea889149ba9dc7699ffbcf41448f69a9", size = 13656310, upload-time = "2026-10-09T22:20:24.544Z" },
    { url = "https://files.pythonhosted.org/packages/e7/c8/977594e024d154f0e064b48a6f7e39a0e1e55a524349dba22146f01e02db/ty-0.0.86-py3-none-manylinux_2_17_armv7l.manylinux2014_armv7l.whl", hash = "sha256:a000ddcc0b99bd1ab8c8277630711061a36ae83395780fdb935bad540ebe7103", size = 13887036, upload-time = "2026-10-09T22:20:26.844Z" },
    { url = "https://files.pythonhosted.org/packages/3a/75/67e8e7bf89a6be7535768380cb20569b460b89cb09d5c82ce27411782786/ty-0.0.86-py3-none-manylinux_2_17_i686.manylinux2014_i686.whl", hash = "sha256:ea3848f3cab206e9798e5a9f7c4ce8a80297b0a88ba9aa8a091360a298e97424", size = 14805103, upload-time = "2026-10-09T22:20:29.274Z" },
    { url = "https://files.pythonhosted.org/packages/a1/14/a7f3b88cc76156feaf5d48601bd5da96a116f846ad0abc526df03a735bcc/ty-0.0.86-py3-none-manylinux_2_17_ppc64le.manylinux2014_ppc64le.whl", hash = "sha256:087bad6ae8fa7248a16c01f5646c121dccaacbaf320ff544eed4e8c5c1fd7555", size = 15203931, upload-time = "2026-10-09T22:20:31.736Z" },
    { url = "https://files.pythonhosted.org/packages/a7/23/42f6ad5d4bb7091d70a0e96d7d436d6bc9a490210a928727dde5d883ed26/ty-0.0.86-py3-none-manylinux_2_17_s390x.manylinux2014_s390x.whl", hash = "sha256:fe7f2721746c9ee64626c69da9245faedc0f375024bf41458e45eb7b28fe5f63", size = 15094434, upload-time = "2026-10-09T22:20:34.269Z" },
    { url = "https://files.pythonhosted.org/packages/d1/b8/211781d3c8de5fa88437412b7a8c0d7a632596033cff51d5004b08e94e1c/ty-0.0.86-py3-none-manylinux_2_17_x86_64.manylinux2014_x86_64.whl", hash = "sha256:a5c18501c54874149d05e5199211146876afeaeee2af234042e56dccc9d5812a", size = 14436812, upload-time = "2026-10-09T22:20:36.795Z" },
    { url = "https://files.pythonhosted.org/packages/b2/2a/518cc7ef2586384345be675d470e0087591810304b5d994d0a2194c7d68e/ty-0.0.86-py3-none-manylinux_2_31_riscv64.whl", hash = "sha256:0a48967c8adba6b12035243f225a0585b0bc5f0bf940a4829876bc455ebf3d2f", size = 14671116, upload-time = "2026-10-09T22:20:39.277Z" },
    { url = "https://files.pythonhosted.org/packages/7a/18/a820553ad3206d0cdfad5866dd64939c7e3be73e891d88c73f7fd3acb5d6/ty-0.0.86-py3-none-musllinux_1_2_aarch64.whl", hash = "sha256:561a4eae98f6ff05395e8d7be8151fdb328eeaead1ac63dc721ca891623f7924", size = 13586361, upload-time = "2026-10-09T22:20:41.444Z" },
    { url = "https://files.pythonhosted.org/packages/22/58/f1700176e6ae4d0a3d25e447734c60ca464d6e76ed2e8a32920ebd41e523/ty-0.0.86-py3-none-musllinux_1_2_armv7l.whl", hash = "sha256:ccad053ce880a1f8c0850d9dd1f277f3ee559a98bded3f93472268376ceccc2d", size = 13900289, upload-time = "2026-10-09T22:20:43.955Z" },
    { url = "https://files.pythonhosted.org/packages/59/86/2f0e3c9a055f8606911a80311763a089784b66af22dd80fd3290e3b167c6/ty-0.0.86-py3-none-musllinux_1_2_i686.whl", hash = "sha256:7c16d22857bad1da56b147bf53ef0ed2252d7677dc5e7ee51c757b2e52ab6351", size = 14235785, upload-time = "2026-10-09T22:20:46.401Z" },
    { url = "https://files.pythonhosted.org/packages/b4/1d/72fa2347b641143b0440296144a65f424fe047302cb13af059988f1de7a4/ty-0.0.86-py3-none-musllinux_1_2_x86_64.whl", hash = "sha256:d863f8f190e96878ed1900a8a6d5093f37761c0c47409e2bdb3d9370e37471e1", size = 14559840, upload-time = "2026-10-09T22:20:48.753Z" },
    { url = "https://files.pythonhosted.org/packages/47/4a/a798be4aee4ea0bb427c22f157945d0ac41310f4d6e058b3758dfb859451/ty-0.0.86-py3-none-win32.whl", hash = "sha256:1ac3d8fe9efae04fbf1407583ed4118e0364a45b49a020d62b202846695a2ba1", size = 13133227, upload-time = "2026-10-09T22:20:51.034Z" },
    { url = "https://files.pythonhosted.org/packages/c7/a0/c9d585fa1c5bf4ed2727f576f1542bc13e268f036451a79d057c249fc26f/ty-0.0.86-py3-none-win_amd64.whl", hash = "sha256:6fe4116fb1a7ad3c4f7804d9241dc81187717fbd9f5fed5b50e2752a20e17a67", size = 13665391, upload-time = "2026-10-09T22:20:53.237Z" },
    { url = "https://files.pythonhosted.org/packages/2a/7e/d9811358bce1e54ac1b93bd44f4c45eba5e2e92672c5410248776c54319e/ty-0.0.86-py3-none-win_arm64.whl", hash = "sha256:0df36f494c5d07f68ebec3edb74fc719c4c959db7061c2018f1dff2dfe62150b", size = 13237981, upload-time = "2026-10-09T22:20:55.586Z" },
]

[[package]]
name = "zopfli"
version = "0.4.3"
source = { registry = "https://pypi.org/simple" }
sdist = { url = "https://files.pythonhosted.org/packages/74/21/3b6af43a663b22b00e738bb0642931a2579e15da6852613d56c6aa535d28/zopfli-0.4.3.tar.gz", hash = "sha256:d3a50f91a13cea9bafe025de8fd87a005eb26de02a4f0c193127ddbf23ac8ebe", size = 179156, upload-time = "2026-06-10T09:10:19.96Z" }
wheels = [
    { url = "https://files.pythonhosted.org/packages/a5/5f/b7d81b670daf990e15a0f7551da96c3c0700f69ae6d96b0245d6a19f51f3/zopfli-0.4.3-cp310-abi3-macosx_10_9_universal2.whl", hash = "sha256:88f4fbe429aad72bc206275d81fab11a097e0f951a5848d1f51083c37ea73073", size = 291492, upload-time = "2026-06-10T09:10:06.621Z" },
    { url = "https://files.pythonhosted.org/packages/55/c8/d8d8d731e0b192024567b7198fb77b748821d355f3c8bf0109de27191f43/zopfli-0.4.3-cp310-abi3-manylinux2014_x86_64.manylinux_2_17_x86_64.whl", hash = "sha256:769875152d0625c46707bcca57d4b2233fe653482067acd55fbf6ec525cb9bdc", size = 829354, upload-time = "2026-06-10T09:10:07.909Z" },
    { url = "https://files.pythonhosted.org/packages/0e/2b/fbe8ba2ec40f5986b8983a4752f7a32672a80a10ea6e68213324a7055469/zopfli-0.4.3-cp310-abi3-manylinux_2_24_aarch64.manylinux_2_28_aarch64.whl", hash = "sha256:eb0c9c1d40a8cb1d58762d7e57290ccb753e0828c4d01be8acb59aae5d0ca206", size = 818436, upload-time = "2026-06-10T09:10:09.063Z" },
    { url = "https://files.pythonhosted.org/packages/de/d9/63568c54c8b68b9135f3456c5add83797a5528d596657f0e4f4910173b08/zopfli-0.4.3-cp310-abi3-musllinux_1_2_aarch64.whl", hash = "sha256:7fa3c35193475290e3f007bbcdebdbae64ba2f012d75c632da0d727e1da50d5e", size = 1778931, upload-time = "2026-06-10T09:10:10.282Z" },
    { url = "https://files.pythonhosted.org/packages/7a/05/8f3aac10a858e89c2146d3a1f6ce33634c3db757365b4148fef1b85784d2/zopfli-0.4.3-cp310-abi3-musllinux_1_2_x86_64.whl", hash = "sha256:47604eee5c6704bdf0e94d8391fe3b74ddb2abd84128fbcfdc3ee0fc265feaef", size = 1864132, upload-time = "2026-06-10T09:10:11.595Z" },
    { url = "https://files.pythonhosted.org/packages/8d/20/9ca59d14b91f9fbc631793b4b085b309777edadaca496aa518a180817827/zopfli-0.4.3-cp310-abi3-win32.whl", hash = "sha256:628c3e941752880b3491db8d44163d0aedb221944e22a17187ff7fc549b050f6", size = 271715, upload-time = "2026-06-10T09:10:12.7Z" },
    { url = "https://files.pythonhosted.org/packages/9d/3a/4ff4fdead77ef30f5832b38a47eb7a1283e98b3c678576b83f8fdfff53eb/zopfli-0.4.3-cp310-abi3-win_amd64.whl", hash = "sha256:921c2c9907f4364963848da5ad194b46d68865e07fdb975d04fd09bc42d47357", size = 288550, upload-time = "2026-06-10T09:10:13.639Z" },
    { url = "https://files.pythonhosted.org/packages/e6/44/6264f929057236fde72dd6d271f54612b4811ce37288e002f5d5339d696a/zopfli-0.4.3-cp310-abi3-win_arm64.whl", hash = "sha256:7e9703ca6e7ef66c8d05e0826b6f558b680c9db8206f84f05a3ee93430a12e42", size = 451343, upload-time = "2026-06-10T09:10:14.72Z" },
]
